
Microsoft Visual Studio Solution File, Format Version 12.00
# Visual Studio 15
VisualStudioVersion = 15.0.28307.271
MinimumVisualStudioVersion = 10.0.40219.1
Project("{F184B08F-C81C-45F6-A57F-5ABD9991F28F}") = "GoldSrcScheme", "GoldSrcScheme\GoldSrcScheme.vbproj", "{F710C1AC-ACFF-4FB6-A298-E5F5F0157AB2}"
EndProject
Global
	GlobalSection(SolutionConfigurationPlatforms) = preSolution
		Debug|Any CPU = Debug|Any CPU
		Release|Any CPU = Release|Any CPU
	EndGlobalSection
	GlobalSection(ProjectConfigurationPlatforms) = postSolution
		{F710C1AC-ACFF-4FB6-A298-E5F5F0157AB2}.Debug|Any CPU.ActiveCfg = Debug|Any CPU
		{F710C1AC-ACFF-4FB6-A298-E5F5F0157AB2}.Debug|Any CPU.Build.0 = Debug|Any CPU
		{F710C1AC-ACFF-4FB6-A298-E5F5F0157AB2}.Release|Any CPU.ActiveCfg = Release|Any CPU
		{F710C1AC-ACFF-4FB6-A298-E5F5F0157AB2}.Release|Any CPU.Build.0 = Release|Any CPU
	EndGlobalSection
	GlobalSection(SolutionProperties) = preSolution
		HideSolutionNode = FALSE
	EndGlobalSection
	GlobalSection(ExtensibilityGlobals) = postSolution
		SolutionGuid = {2CB9A369-3BD3-4C8A-B3A7-736A17E171C1}
	EndGlobalSection
EndGlobal
